
Microsoft Visual Studio Solution File, Format Version 12.00
# Visual Studio Version 17
VisualStudioVersion = 17.3.32901.215
MinimumVisualStudioVersion = 10.0.40219.1
Project("{FAE04EC0-301F-11D3-BF4B-00C04F79EFBC}") = "PruebaBackBG", "PruebaBackBG.csproj", "{DDF827F8-77A1-48A2-8443-81A85758157D}"
EndProject
Global
	GlobalSection(SolutionConfigurationPlatforms) = preSolution
		Debug|Any CPU = Debug|Any CPU
		Release|Any CPU = Release|Any CPU
	EndGlobalSection
	GlobalSection(ProjectConfigurationPlatforms) = postSolution
		{DDF827F8-77A1-48A2-8443-81A85758157D}.Debug|Any CPU.ActiveCfg = Debug|Any CPU
		{DDF827F8-77A1-48A2-8443-81A85758157D}.Debug|Any CPU.Build.0 = Debug|Any CPU
		{DDF827F8-77A1-48A2-8443-81A85758157D}.Release|Any CPU.ActiveCfg = Release|Any CPU
		{DDF827F8-77A1-48A2-8443-81A85758157D}.Release|Any CPU.Build.0 = Release|Any CPU
	EndGlobalSection
	GlobalSection(SolutionProperties) = preSolution
		HideSolutionNode = FALSE
	EndGlobalSection
	GlobalSection(ExtensibilityGlobals) = postSolution
		SolutionGuid = {E25990F0-AB4E-4E42-8029-296CAEA91802}
	EndGlobalSection
EndGlobal
